
Microsoft Visual Studio Solution File, Format Version 12.00
# Visual Studio Version 17
VisualStudioVersion = 17.8.34408.163
MinimumVisualStudioVersion = 10.0.40219.1
Project("{9A19103F-16F7-4668-BE54-9A1E7A4F7556}") = "StudentCrud.Api", "StudentCrud.Api\StudentCrud.Api.csproj", "{ED00F1C3-5F2A-40E8-A701-43C2A87EA526}"
EndProject
Project("{9A19103F-16F7-4668-BE54-9A1E7A4F7556}") = "StudentCrud.Domain", "StudentCrud.Domain\StudentCrud.Domain.csproj", "{E88110E6-AE7C-4E78-B6E8-0B0FE92D962F}"
EndProject
Project("{FAE04EC0-301F-11D3-BF4B-00C04F79EFBC}") = "StudentCrud.Infraestructure", "StudentCrud.Infraestructure\StudentCrud.Infraestructure.csproj", "{20FB4315-5CF7-43FA-BD2D-DA3EB9578560}"
EndProject
Global
	GlobalSection(SolutionConfigurationPlatforms) = preSolution
		Debug|Any CPU = Debug|Any CPU
		Release|Any CPU = Release|Any CPU
	EndGlobalSection
	GlobalSection(ProjectConfigurationPlatforms) = postSolution
		{ED00F1C3-5F2A-40E8-A701-43C2A87EA526}.Debug|Any CPU.ActiveCfg = Debug|Any CPU
		{ED00F1C3-5F2A-40E8-A701-43C2A87EA526}.Debug|Any CPU.Build.0 = Debug|Any CPU
		{ED00F1C3-5F2A-40E8-A701-43C2A87EA526}.Release|Any CPU.ActiveCfg = Release|Any CPU
		{ED00F1C3-5F2A-40E8-A701-43C2A87EA526}.Release|Any CPU.Build.0 = Release|Any CPU
		{E88110E6-AE7C-4E78-B6E8-0B0FE92D962F}.Debug|Any CPU.ActiveCfg = Debug|Any CPU
		{E88110E6-AE7C-4E78-B6E8-0B0FE92D962F}.Debug|Any CPU.Build.0 = Debug|Any CPU
		{E88110E6-AE7C-4E78-B6E8-0B0FE92D962F}.Release|Any CPU.ActiveCfg = Release|Any CPU
		{E88110E6-AE7C-4E78-B6E8-0B0FE92D962F}.Release|Any CPU.Build.0 = Release|Any CPU
		{20FB4315-5CF7-43FA-BD2D-DA3EB9578560}.Debug|Any CPU.ActiveCfg = Debug|Any CPU
		{20FB4315-5CF7-43FA-BD2D-DA3EB9578560}.Debug|Any CPU.Build.0 = Debug|Any CPU
		{20FB4315-5CF7-43FA-BD2D-DA3EB9578560}.Release|Any CPU.ActiveCfg = Release|Any CPU
		{20FB4315-5CF7-43FA-BD2D-DA3EB9578560}.Release|Any CPU.Build.0 = Release|Any CPU
	EndGlobalSection
	GlobalSection(SolutionProperties) = preSolution
		HideSolutionNode = FALSE
	EndGlobalSection
	GlobalSection(ExtensibilityGlobals) = postSolution
		SolutionGuid = {8C9FC850-5B2C-4682-81ED-E537C767CF07}
	EndGlobalSection
EndGlobal
